Microsoft Visual Studio Solution File, Format Version 12.00
# Visual Studio Version 17
VisualStudioVersion = 17.0.31903.59
MinimumVisualStudioVersion = 10.0.40219.1
Project("{FAE04EC0-301F-11D3-BF4B-00C04F79EFBC}") = "VoiceAgent.Common", "src\VoiceAgent.Common\VoiceAgent.Common.csproj", "{E69D3D5D-9577-4A76-9D80-8D52B54E932A}"
EndProject
Project("{FAE04EC0-301F-11D3-BF4B-00C04F79EFBC}") = "VoiceAgent.Domain", "src\VoiceAgent.Domain\VoiceAgent.Domain.csproj", "{976B7B89-D31C-4CB7-94A8-3896E6D8A6A8}"
EndProject
Project("{FAE04EC0-301F-11D3-BF4B-00C04F79EFBC}") = "VoiceAgent.Application", "src\VoiceAgent.Application\VoiceAgent.Application.csproj", "{F0F1AA63-00C9-4F96-A6BB-4708A7D68A2A}"
EndProject
Project("{FAE04EC0-301F-11D3-BF4B-00C04F79EFBC}") = "VoiceAgent.Infrastructure", "src\VoiceAgent.Infrastructure\VoiceAgent.Infrastructure.csproj", "{2E91C485-9529-4DDC-B40B-5006DF0B0B8D}"
EndProject
Project("{FAE04EC0-301F-11D3-BF4B-00C04F79EFBC}") = "VoiceAgent.Api", "src\VoiceAgent.Api\VoiceAgent.Api.csproj", "{6C68AD7C-C720-4B3E-96C5-BF1B07D805A8}"
EndProject
Project("{FAE04EC0-301F-11D3-BF4B-00C04F79EFBC}") = "VoiceAgent.WorkerService", "src\VoiceAgent.WorkerService\VoiceAgent.WorkerService.csproj", "{8B88AE28-5591-4BF7-B54E-0BF52E1E2B7A}"
EndProject
Global
EndGlobal
